<?xml version="1.0" encoding="utf-8"?>
<Project ToolsVersion="4.0" xmlns="http://schemas.microsoft.com/developer/msbuild/2003">
  <ItemGroup>
    <Filter Include="Source Files">
      <UniqueIdentifier>{4FC737F1-C7A5-4376-A066-2A32D752A2FF}</UniqueIdentifier>
      <Extensions>cpp;c;cc;cxx;c++;cppm;ixx;def;odl;idl;hpj;bat;asm;asmx</Extensions>
    </Filter>
    <Filter Include="Header Files">
      <UniqueIdentifier>{93995380-89BD-4b04-88EB-625FBE52EBFB}</UniqueIdentifier>
      <Extensions>h;hh;hpp;hxx;h++;hm;inl;inc;ipp;xsd</Extensions>
    </Filter>
    <Filter Include="Resource Files">
      <UniqueIdentifier>{67DA6AB6-F800-4c08-8B7A-83BB121AAD01}</UniqueIdentifier>
      <Extensions>rc;ico;cur;bmp;dlg;rc2;rct;bin;rgs;gif;jpg;jpeg;jpe;resx;tiff;tif;png;wav;mfcribbon-ms</Extensions>
    </Filter>
  </ItemGroup>
  <ItemGroup>
    <ClCompile Include="src\main.cpp">
      <Filter>Source Files</Filter>
    </ClCompile>
    <ClCompile Include="src\Game Engine\Camera\Camera.cpp">
      <Filter>Source Files</Filter>
    </ClCompile>
    <ClCompile Include="src\Game Engine\Lighting\Lighting.cpp">
      <Filter>Source Files</Filter>
    </ClCompile>
    <ClCompile Include="src\Objects\Obstacles\Car\Car.cpp">
      <Filter>Source Files</Filter>
    </ClCompile>
    <ClCompile Include="src\Objects\Collectibles\Coin\Coin.cpp">
      <Filter>Source Files</Filter>
    </ClCompile>
    <ClCompile Include="src\Objects\Collectibles\Heart\Heart.cpp">
      <Filter>Source Files</Filter>
    </ClCompile>
    <ClCompile Include="src\Objects\Player\Frog.cpp">
      <Filter>Source Files</Filter>
    </ClCompile>
    <ClCompile Include="src\HUD\UI.cpp">
      <Filter>Source Files</Filter>
    </ClCompile>
    <ClCompile Include="src\Utils\Utils.cpp">
      <Filter>Source Files</Filter>
    </ClCompile>
    <ClCompile Include="src\Utils\SoundManager\SoundManager.cpp">
      <Filter>Source Files</Filter>
    </ClCompile>
    <ClCompile Include="src\Game Engine\GameStates\GameLoseState\GameLoseState.cpp">
      <Filter>Source Files</Filter>
    </ClCompile>
    <ClCompile Include="src\Game Engine\GameStates\GameWinState\GameWinState.cpp">
      <Filter>Source Files</Filter>
    </ClCompile>
    <ClCompile Include="src\Game Engine\GameStates\MenuState\MenuState.cpp">
      <Filter>Source Files</Filter>
    </ClCompile>
    <ClCompile Include="src\Environment\Levels\Level2\Level2.cpp">
      <Filter>Source Files</Filter>
    </ClCompile>
    <ClCompile Include="src\Environment\Levels\Level1\Level1.cpp">
      <Filter>Source Files</Filter>
    </ClCompile>
    <ClCompile Include="src\Game Engine\GameStates\PlayState\PlayState.cpp">
      <Filter>Source Files</Filter>
    </ClCompile>
    <ClCompile Include="src\Game Engine\GameStates\StateManager.cpp">
      <Filter>Source Files</Filter>
    </ClCompile>
    <ClCompile Include="src\Utils\Vector3f.cpp">
      <Filter>Source Files</Filter>
    </ClCompile>
    <ClCompile Include="src\Utils\Textures\GLTexture.cpp">
      <Filter>Source Files</Filter>
    </ClCompile>
    <ClCompile Include="src\Utils\Textures\Model_3DS.cpp">
      <Filter>Source Files</Filter>
    </ClCompile>
    <ClCompile Include="src\Objects\Obstacles\River\River.cpp">
      <Filter>Source Files</Filter>
    </ClCompile>
    <ClCompile Include="src\Objects\Targets\Portal\Portal.cpp">
      <Filter>Source Files</Filter>
    </ClCompile>
    <ClCompile Include="src\Objects\Targets\House\House.cpp">
      <Filter>Source Files</Filter>
    </ClCompile>
    <ClCompile Include="src\Environment\Ground\Ground.cpp">
      <Filter>Source Files</Filter>
    </ClCompile>
  </ItemGroup>
  <ItemGroup>
    <ClInclude Include="src\Game Engine\Camera\Camera.hpp">
      <Filter>Header Files</Filter>
    </ClInclude>
    <ClInclude Include="src\Game Engine\GameStates\GameLoseState\GameLoseState.hpp">
      <Filter>Header Files</Filter>
    </ClInclude>
    <ClInclude Include="src\Game Engine\GameStates\GameWinState\GameWinState.hpp">
      <Filter>Header Files</Filter>
    </ClInclude>
    <ClInclude Include="src\Game Engine\GameStates\MenuState\MenuState.hpp">
      <Filter>Header Files</Filter>
    </ClInclude>
    <ClInclude Include="src\Environment\Levels\Level2\Level2.h">
      <Filter>Header Files</Filter>
    </ClInclude>
    <ClInclude Include="src\Environment\Levels\Level1\Level1.h">
      <Filter>Header Files</Filter>
    </ClInclude>
    <ClInclude Include="src\Game Engine\GameStates\PlayState\PlayState.hpp">
      <Filter>Header Files</Filter>
    </ClInclude>
    <ClInclude Include="src\Game Engine\GameStates\State.hpp">
      <Filter>Header Files</Filter>
    </ClInclude>
    <ClInclude Include="src\Game Engine\Lighting\Lighting.hpp">
      <Filter>Header Files</Filter>
    </ClInclude>
    <ClInclude Include="src\Utils\SoundManager\SoundManager.hpp">
      <Filter>Header Files</Filter>
    </ClInclude>
    <ClInclude Include="src\Game Engine\GameStates\StateManager.hpp">
      <Filter>Header Files</Filter>
    </ClInclude>
    <ClInclude Include="src\Utils\Vector3f.h">
      <Filter>Header Files</Filter>
    </ClInclude>
    <ClInclude Include="src\Utils\Textures\GLTexture.h">
      <Filter>Header Files</Filter>
    </ClInclude>
    <ClInclude Include="src\Utils\Textures\Model_3DS.h">
      <Filter>Header Files</Filter>
    </ClInclude>
    <ClInclude Include="src\Objects\Obstacles\River\River.hpp">
      <Filter>Header Files</Filter>
    </ClInclude>
    <ClInclude Include="src\Objects\Obstacles\Car\Car.hpp">
      <Filter>Header Files</Filter>
    </ClInclude>
    <ClInclude Include="src\Objects\Collectibles\Coin\Coin.hpp">
      <Filter>Header Files</Filter>
    </ClInclude>
    <ClInclude Include="src\Objects\Collectibles\Heart\Heart.hpp">
      <Filter>Header Files</Filter>
    </ClInclude>
    <ClInclude Include="src\Objects\Targets\Portal\Portal.hpp">
      <Filter>Header Files</Filter>
    </ClInclude>
    <ClInclude Include="src\Objects\Targets\House\House.hpp">
      <Filter>Header Files</Filter>
    </ClInclude>
    <ClInclude Include="src\Utils\Textures\TextureBuilder.h">
      <Filter>Header Files</Filter>
    </ClInclude>
    <ClInclude Include="src\Objects\Player\Frog.hpp">
      <Filter>Header Files</Filter>
    </ClInclude>
    <ClInclude Include="src\Environment\Ground\Ground.h">
      <Filter>Header Files</Filter>
    </ClInclude>
  </ItemGroup>
  <ItemGroup>
    <None Include="packages.config" />
    <None Include="models\bicycle.3ds" />
    <None Include="models\bus.3ds" />
    <None Include="models\Classic lamp.3ds" />
    <None Include="models\car.3ds" />
    <None Include="models\Coin.3ds" />
    <None Include="models\fence.3ds" />
    <None Include="models\frog.3ds" />
    <None Include="models\heart.3ds" />
    <None Include="models\Modern Lamb.3ds" />
    <None Include="models\open box.3ds" />
    <None Include="models\Ruined House.3ds" />
    <None Include="models\Portal_1.3ds" />
    <None Include="models\Solid cube.3ds" />
    <None Include="models\sphere.3ds" />
    <None Include="models\Stone Fence.3ds" />
    <None Include="models\street.3ds" />
    <None Include="models\StreetLight.3ds" />
    <None Include="models\taxi.3ds" />
    <None Include="models\Wall.3ds" />
  </ItemGroup>
  <ItemGroup>
    <Image Include="models\Ground Textures\ground.bmp">
      <Filter>Resource Files</Filter>
    </Image>
    <Image Include="models\Portal Textures\Portal\Portal_Color.png">
      <Filter>Resource Files</Filter>
    </Image>
    <Image Include="models\Portal Textures\Portal\Portal_Displacement.png">
      <Filter>Resource Files</Filter>
    </Image>
    <Image Include="models\Portal Textures\Portal\Portal_Normal.png">
      <Filter>Resource Files</Filter>
    </Image>
    <Image Include="models\Portal Textures\Portal\Portal_Roughness.png">
      <Filter>Resource Files</Filter>
    </Image>
    <Image Include="models\Portal Textures\Skull\Skull _Displace.png">
      <Filter>Resource Files</Filter>
    </Image>
    <Image Include="models\Portal Textures\Skull\Skull_Color.jpg">
      <Filter>Resource Files</Filter>
    </Image>
    <Image Include="models\Portal Textures\Skull\Skull_Normal.png">
      <Filter>Resource Files</Filter>
    </Image>
    <Image Include="models\Portal Textures\Skull\Skull_Roughness.png">
      <Filter>Resource Files</Filter>
    </Image>
    <Image Include="models\Portal Textures\Stone Slabs\Concrete024_2K_Color.png">
      <Filter>Resource Files</Filter>
    </Image>
    <Image Include="models\Portal Textures\Stone Slabs\Concrete024_2K_Displacement.png">
      <Filter>Resource Files</Filter>
    </Image>
    <Image Include="models\Portal Textures\Stone Slabs\Concrete024_2K_NormalGL.png">
      <Filter>Resource Files</Filter>
    </Image>
    <Image Include="models\Portal Textures\Stone Slabs\Concrete024_2K_Roughness.png">
      <Filter>Resource Files</Filter>
    </Image>
  </ItemGroup>
</Project>